PODS:
  - NVActivityIndicatorView (4.4.0):
    - NVActivityIndicatorView/Presenter (= 4.4.0)
  - NVActivityIndicatorView/Presenter (4.4.0)

DEPENDENCIES:
  - NVActivityIndicatorView (from `../`)

EXTERNAL SOURCES:
  NVActivityIndicatorView:
    :path: "../"

SPEC CHECKSUMS:
  NVActivityIndicatorView: 56089d97d3eed774458ed83b90bdff5b4d9e9ef6

PODFILE CHECKSUM: e5d164996aa6d71a0eda53503111c16d861ecbc6

COCOAPODS: 1.8.4
