PODS:
  - NVActivityIndicatorView (4.8.0):
    - NVActivityIndicatorView/Presenter (= 4.8.0)
  - NVActivityIndicatorView/Presenter (4.8.0)

DEPENDENCIES:
  - NVActivityIndicatorView (from `../`)

EXTERNAL SOURCES:
  NVActivityIndicatorView:
    :path: "../"

SPEC CHECKSUMS:
  NVActivityIndicatorView: 9430d51a228cdb32bfdad6666d5fa0e25e1873ae

PODFILE CHECKSUM: e5d164996aa6d71a0eda53503111c16d861ecbc6

COCOAPODS: 1.8.4
